{
  "name": "react-vs-template-engine-handlebars",
  "version": "0.0.0",
  "lockfileVersion": 2,
  "requires": true,
  "packages": {
    "": {
      "name": "react-vs-template-engine-handlebars",
      "version": "0.0.0",
      "license": "GPL-3.0-or-later",
      "dependencies": {
        "handlebars": "4.7.x",
        "polka": "0.5.x",
        "tsm": "2.2.x"
      },
      "devDependencies": {
        "@tsconfig/node16": "1.0.x",
        "@types/polka": "0.5.x",
        "typescript": "4.5.x"
      }
    },
    "node_modules/@arr/every": {
      "version": "1.0.1",
      "resolved": "https://registry.npmjs.org/@arr/every/-/every-1.0.1.tgz",
      "integrity": "sha512-UQFQ6SgyJ6LX42W8rHCs8KVc0JS0tzVL9ct4XYedJukskYVWTo49tNiMEK9C2HTyarbNiT/RVIRSY82vH+6sTg==",
      "engines": {
        "node": ">=4"
      }
    },
    "node_modules/@polka/url": {
      "version": "0.5.0",
      "resolved": "https://registry.npmjs.org/@polka/url/-/url-0.5.0.tgz",
      "integrity": "sha512-oZLYFEAzUKyi3SKnXvj32ZCEGH6RDnao7COuCVhDydMS9NrCSVXhM79VaKyP5+Zc33m0QXEd2DN3UkU7OsHcfw=="
    },
    "node_modules/@tsconfig/node16": {
      "version": "1.0.2",
      "resolved": "https://registry.npmjs.org/@tsconfig/node16/-/node16-1.0.2.tgz",
      "integrity": "sha512-eZxlbI8GZscaGS7kkc/trHTT5xgrjH3/1n2JDwusC9iahPKWMRvRjJSAN5mCXviuTGQ/lHnhvv8Q1YTpnfz9gA==",
      "dev": true
    },
    "node_modules/@types/body-parser": {
      "version": "1.19.2",
      "resolved": "https://registry.npmjs.org/@types/body-parser/-/body-parser-1.19.2.tgz",
      "integrity": "sha512-ALYone6pm6QmwZoAgeyNksccT9Q4AWZQ6PvfwR37GT6r6FWUPguq6sUmNGSMV2Wr761oQoBxwGGa6DR5o1DC9g==",
      "dev": true,
      "dependencies": {
        "@types/connect": "*",
        "@types/node": "*"
      }
    },
    "node_modules/@types/connect": {
      "version": "3.4.35",
      "resolved": "https://registry.npmjs.org/@types/connect/-/connect-3.4.35.tgz",
      "integrity": "sha512-cdeYyv4KWoEgpBISTxWvqYsVy444DOqehiF3fM3ne10AmJ62RSyNkUnxMJXHQWRQQX2eR94m5y1IZyDwBjV9FQ==",
      "dev": true,
      "dependencies": {
        "@types/node": "*"
      }
    },
    "node_modules/@types/express": {
      "version": "4.17.13",
      "resolved": "https://registry.npmjs.org/@types/express/-/express-4.17.13.tgz",
      "integrity": "sha512-6bSZTPaTIACxn48l50SR+axgrqm6qXFIxrdAKaG6PaJk3+zuUr35hBlgT7vOmJcum+OEaIBLtHV/qloEAFITeA==",
      "dev": true,
      "dependencies": {
        "@types/body-parser": "*",
        "@types/express-serve-static-core": "^4.17.18",
        "@types/qs": "*",
        "@types/serve-static": "*"
      }
    },
    "node_modules/@types/express-serve-static-core": {
      "version": "4.17.26",
      "resolved": "https://registry.npmjs.org/@types/express-serve-static-core/-/express-serve-static-core-4.17.26.tgz",
      "integrity": "sha512-zeu3tpouA043RHxW0gzRxwCHchMgftE8GArRsvYT0ByDMbn19olQHx5jLue0LxWY6iYtXb7rXmuVtSkhy9YZvQ==",
      "dev": true,
      "dependencies": {
        "@types/node": "*",
        "@types/qs": "*",
        "@types/range-parser": "*"
      }
    },
    "node_modules/@types/mime": {
      "version": "1.3.2",
      "resolved": "https://registry.npmjs.org/@types/mime/-/mime-1.3.2.tgz",
      "integrity": "sha512-YATxVxgRqNH6nHEIsvg6k2Boc1JHI9ZbH5iWFFv/MTkchz3b1ieGDa5T0a9RznNdI0KhVbdbWSN+KWWrQZRxTw==",
      "dev": true
    },
    "node_modules/@types/node": {
      "version": "16.11.11",
      "resolved": "https://registry.npmjs.org/@types/node/-/node-16.11.11.tgz",
      "integrity": "sha512-KB0sixD67CeecHC33MYn+eYARkqTheIRNuu97y2XMjR7Wu3XibO1vaY6VBV6O/a89SPI81cEUIYT87UqUWlZNw==",
      "dev": true
    },
    "node_modules/@types/polka": {
      "version": "0.5.3",
      "resolved": "https://registry.npmjs.org/@types/polka/-/polka-0.5.3.tgz",
      "integrity": "sha512-Myj8ztBAH63xXhff5OMGiHIj37O4RG7GTDmFL/Amb05BAdG8IYFC90vp9IpdN7hjpZ5tkepsSvQkPvWwB8IRwQ==",
      "dev": true,
      "dependencies": {
        "@types/express": "*",
        "@types/express-serve-static-core": "*",
        "@types/node": "*",
        "@types/trouter": "*"
      }
    },
    "node_modules/@types/qs": {
      "version": "6.9.7",
      "resolved": "https://registry.npmjs.org/@types/qs/-/qs-6.9.7.tgz",
      "integrity": "sha512-FGa1F62FT09qcrueBA6qYTrJPVDzah9a+493+o2PCXsesWHIn27G98TsSMs3WPNbZIEj4+VJf6saSFpvD+3Zsw==",
      "dev": true
    },
    "node_modules/@types/range-parser": {
      "version": "1.2.4",
      "resolved": "https://registry.npmjs.org/@types/range-parser/-/range-parser-1.2.4.tgz",
      "integrity": "sha512-EEhsLsD6UsDM1yFhAvy0Cjr6VwmpMWqFBCb9w07wVugF7w9nfajxLuVmngTIpgS6svCnm6Vaw+MZhoDCKnOfsw==",
      "dev": true
    },
    "node_modules/@types/serve-static": {
      "version": "1.13.10",
      "resolved": "https://registry.npmjs.org/@types/serve-static/-/serve-static-1.13.10.tgz",
      "integrity": "sha512-nCkHGI4w7ZgAdNkrEu0bv+4xNV/XDqW+DydknebMOQwkpDGx8G+HTlj7R7ABI8i8nKxVw0wtKPi1D+lPOkh4YQ==",
      "dev": true,
      "dependencies": {
        "@types/mime": "^1",
        "@types/node": "*"
      }
    },
    "node_modules/@types/trouter": {
      "version": "3.1.0",
      "resolved": "https://registry.npmjs.org/@types/trouter/-/trouter-3.1.0.tgz",
      "integrity": "sha512-4LPNrqSJknLzILMVXn2P/mh0djNgFvom4T9Y1hmhaB8OBm1cY71bMMSrGRu1q5qF4JZzY6iaGT11BHmCMY/NZg==",
      "dev": true
    },
    "node_modules/esbuild": {
      "version": "0.14.2",
      "resolved": "https://registry.npmjs.org/esbuild/-/esbuild-0.14.2.tgz",
      "integrity": "sha512-l076A6o/PIgcyM24s0dWmDI/b8RQf41uWoJu9I0M71CtW/YSw5T5NUeXxs5lo2tFQD+O4CW4nBHJXx3OY5NpXg==",
      "hasInstallScript": true,
      "bin": {
        "esbuild": "bin/esbuild"
      },
      "optionalDependencies": {
        "esbuild-android-arm64": "0.14.2",
        "esbuild-darwin-64": "0.14.2",
        "esbuild-darwin-arm64": "0.14.2",
        "esbuild-freebsd-64": "0.14.2",
        "esbuild-freebsd-arm64": "0.14.2",
        "esbuild-linux-32": "0.14.2",
        "esbuild-linux-64": "0.14.2",
        "esbuild-linux-arm": "0.14.2",
        "esbuild-linux-arm64": "0.14.2",
        "esbuild-linux-mips64le": "0.14.2",
        "esbuild-linux-ppc64le": "0.14.2",
        "esbuild-netbsd-64": "0.14.2",
        "esbuild-openbsd-64": "0.14.2",
        "esbuild-sunos-64": "0.14.2",
        "esbuild-windows-32": "0.14.2",
        "esbuild-windows-64": "0.14.2",
        "esbuild-windows-arm64": "0.14.2"
      }
    },
    "node_modules/esbuild-android-arm64": {
      "version": "0.14.2",
      "resolved": "https://registry.npmjs.org/esbuild-android-arm64/-/esbuild-android-arm64-0.14.2.tgz",
      "integrity": "sha512-hEixaKMN3XXCkoe+0WcexO4CcBVU5DCSUT+7P8JZiWZCbAjSkc9b6Yz2X5DSfQmRCtI/cQRU6TfMYrMQ5NBfdw==",
      "cpu": [
        "arm64"
      ],
      "optional": true,
      "os": [
        "android"
      ]
    },
    "node_modules/esbuild-darwin-64": {
      "version": "0.14.2",
      "resolved": "https://registry.npmjs.org/esbuild-darwin-64/-/esbuild-darwin-64-0.14.2.tgz",
      "integrity": "sha512-Uq8t0cbJQkxkQdbUfOl2wZqZ/AtLZjvJulR1HHnc96UgyzG9YlCLSDMiqjM+NANEy7/zzvwKJsy3iNC9wwqLJA==",
      "cpu": [
        "x64"
      ],
      "optional": true,
      "os": [
        "darwin"
      ]
    },
    "node_modules/esbuild-darwin-arm64": {
      "version": "0.14.2",
      "resolved": "https://registry.npmjs.org/esbuild-darwin-arm64/-/esbuild-darwin-arm64-0.14.2.tgz",
      "integrity": "sha512-619MSa17sr7YCIrUj88KzQu2ESA4jKYtIYfLU/smX6qNgxQt3Y/gzM4s6sgJ4fPQzirvmXgcHv1ZNQAs/Xh48A==",
      "cpu": [
        "arm64"
      ],
      "optional": true,
      "os": [
        "darwin"
      ]
    },
    "node_modules/esbuild-freebsd-64": {
      "version": "0.14.2",
      "resolved": "https://registry.npmjs.org/esbuild-freebsd-64/-/esbuild-freebsd-64-0.14.2.tgz",
      "integrity": "sha512-aP6FE/ZsChZpUV6F3HE3x1Pz0paoYXycJ7oLt06g0G9dhJKknPawXCqQg/WMyD+ldCEZfo7F1kavenPdIT/SGQ==",
      "cpu": [
        "x64"
      ],
      "optional": true,
      "os": [
        "freebsd"
      ]
    },
    "node_modules/esbuild-freebsd-arm64": {
      "version": "0.14.2",
      "resolved": "https://registry.npmjs.org/esbuild-freebsd-arm64/-/esbuild-freebsd-arm64-0.14.2.tgz",
      "integrity": "sha512-LSm98WTb1QIhyS83+Po0KTpZNdd2XpVpI9ua5rLWqKWbKeNRFwOsjeiuwBaRNc+O32s9oC2ZMefETxHBV6VNkQ==",
      "cpu": [
        "arm64"
      ],
      "optional": true,
      "os": [
        "freebsd"
      ]
    },
    "node_modules/esbuild-linux-32": {
      "version": "0.14.2",
      "resolved": "https://registry.npmjs.org/esbuild-linux-32/-/esbuild-linux-32-0.14.2.tgz",
      "integrity": "sha512-8VxnNEyeUbiGflTKcuVc5JEPTqXfsx2O6ABwUbfS1Hp26lYPRPC7pKQK5Dxa0MBejGc50jy7YZae3EGQUQ8EkQ==",
      "cpu": [
        "ia32"
      ],
      "optional": true,
      "os": [
        "linux"
      ]
    },
    "node_modules/esbuild-linux-64": {
      "version": "0.14.2",
      "resolved": "https://registry.npmjs.org/esbuild-linux-64/-/esbuild-linux-64-0.14.2.tgz",
      "integrity": "sha512-4bzMS2dNxOJoFIiHId4w+tqQzdnsch71JJV1qZnbnErSFWcR9lRgpSqWnTTFtv6XM+MvltRzSXC5wQ7AEBY6Hg==",
      "cpu": [
        "x64"
      ],
      "optional": true,
      "os": [
        "linux"
      ]
    },
    "node_modules/esbuild-linux-arm": {
      "version": "0.14.2",
      "resolved": "https://registry.npmjs.org/esbuild-linux-arm/-/esbuild-linux-arm-0.14.2.tgz",
      "integrity": "sha512-PaylahvMHhH8YMfJPMKEqi64qA0Su+d4FNfHKvlKes/2dUe4QxgbwXT9oLVgy8iJdcFMrO7By4R8fS8S0p8aVQ==",
      "cpu": [
        "arm"
      ],
      "optional": true,
      "os": [
        "linux"
      ]
    },
    "node_modules/esbuild-linux-arm64": {
      "version": "0.14.2",
      "resolved": "https://registry.npmjs.org/esbuild-linux-arm64/-/esbuild-linux-arm64-0.14.2.tgz",
      "integrity": "sha512-RlIVp0RwJrdtasDF1vTFueLYZ8WuFzxoQ1OoRFZOTyJHCGCNgh7xJIC34gd7B7+RT0CzLBB4LcM5n0LS+hIoww==",
      "cpu": [
        "arm64"
      ],
      "optional": true,
      "os": [
        "linux"
      ]
    },
    "node_modules/esbuild-linux-mips64le": {
      "version": "0.14.2",
      "resolved": "https://registry.npmjs.org/esbuild-linux-mips64le/-/esbuild-linux-mips64le-0.14.2.tgz",
      "integrity": "sha512-Fdwrq2roFnO5oetIiUQQueZ3+5soCxBSJswg3MvYaXDomj47BN6oAWMZgLrFh1oVrtWrxSDLCJBenYdbm2s+qQ==",
      "cpu": [
        "mips64el"
      ],
      "optional": true,
      "os": [
        "linux"
      ]
    },
    "node_modules/esbuild-linux-ppc64le": {
      "version": "0.14.2",
      "resolved": "https://registry.npmjs.org/esbuild-linux-ppc64le/-/esbuild-linux-ppc64le-0.14.2.tgz",
      "integrity": "sha512-vxptskw8JfCDD9QqpRO0XnsM1osuWeRjPaXX1TwdveLogYsbdFtcuiuK/4FxGiNMUr1ojtnCS2rMPbY8puc5NA==",
      "cpu": [
        "ppc64"
      ],
      "optional": true,
      "os": [
        "linux"
      ]
    },
    "node_modules/esbuild-netbsd-64": {
      "version": "0.14.2",
      "resolved": "https://registry.npmjs.org/esbuild-netbsd-64/-/esbuild-netbsd-64-0.14.2.tgz",
      "integrity": "sha512-I8+LzYK5iSNpspS9eCV9sW67Rj8FgMHimGri4mKiGAmN0pNfx+hFX146rYtzGtewuxKtTsPywWteHx+hPRLDsw==",
      "cpu": [
        "x64"
      ],
      "optional": true,
      "os": [
        "netbsd"
      ]
    },
    "node_modules/esbuild-openbsd-64": {
      "version": "0.14.2",
      "resolved": "https://registry.npmjs.org/esbuild-openbsd-64/-/esbuild-openbsd-64-0.14.2.tgz",
      "integrity": "sha512-120HgMe9elidWUvM2E6mMf0csrGwx8sYDqUIJugyMy1oHm+/nT08bTAVXuwYG/rkMIqsEO9AlMxuYnwR6En/3Q==",
      "cpu": [
        "x64"
      ],
      "optional": true,
      "os": [
        "openbsd"
      ]
    },
    "node_modules/esbuild-sunos-64": {
      "version": "0.14.2",
      "resolved": "https://registry.npmjs.org/esbuild-sunos-64/-/esbuild-sunos-64-0.14.2.tgz",
      "integrity": "sha512-Q3xcf9Uyfra9UuCFxoLixVvdigo0daZaKJ97TL2KNA4bxRUPK18wwGUk3AxvgDQZpRmg82w9PnkaNYo7a+24ow==",
      "cpu": [
        "x64"
      ],
      "optional": true,
      "os": [
        "sunos"
      ]
    },
    "node_modules/esbuild-windows-32": {
      "version": "0.14.2",
      "resolved": "https://registry.npmjs.org/esbuild-windows-32/-/esbuild-windows-32-0.14.2.tgz",
      "integrity": "sha512-TW7O49tPsrq+N1sW8mb3m24j/iDGa4xzAZH4wHWwoIzgtZAYPKC0hpIhufRRG/LA30bdMChO9pjJZ5mtcybtBQ==",
      "cpu": [
        "ia32"
      ],
      "optional": true,
      "os": [
        "win32"
      ]
    },
    "node_modules/esbuild-windows-64": {
      "version": "0.14.2",
      "resolved": "https://registry.npmjs.org/esbuild-windows-64/-/esbuild-windows-64-0.14.2.tgz",
      "integrity": "sha512-Rym6ViMNmi1E2QuQMWy0AFAfdY0wGwZD73BnzlsQBX5hZBuy/L+Speh7ucUZ16gwsrMM9v86icZUDrSN/lNBKg==",
      "cpu": [
        "x64"
      ],
      "optional": true,
      "os": [
        "win32"
      ]
    },
    "node_modules/esbuild-windows-arm64": {
      "version": "0.14.2",
      "resolved": "https://registry.npmjs.org/esbuild-windows-arm64/-/esbuild-windows-arm64-0.14.2.tgz",
      "integrity": "sha512-ZrLbhr0vX5Em/P1faMnHucjVVWPS+m3tktAtz93WkMZLmbRJevhiW1y4CbulBd2z0MEdXZ6emDa1zFHq5O5bSA==",
      "cpu": [
        "arm64"
      ],
      "optional": true,
      "os": [
        "win32"
      ]
    },
    "node_modules/handlebars": {
      "version": "4.7.7",
      "resolved": "https://registry.npmjs.org/handlebars/-/handlebars-4.7.7.tgz",
      "integrity": "sha512-aAcXm5OAfE/8IXkcZvCepKU3VzW1/39Fb5ZuqMtgI/hT8X2YgoMvBY5dLhq/cpOvw7Lk1nK/UF71aLG/ZnVYRA==",
      "dependencies": {
        "minimist": "^1.2.5",
        "neo-async": "^2.6.0",
        "source-map": "^0.6.1",
        "wordwrap": "^1.0.0"
      },
      "bin": {
        "handlebars": "bin/handlebars"
      },
      "engines": {
        "node": ">=0.4.7"
      },
      "optionalDependencies": {
        "uglify-js": "^3.1.4"
      }
    },
    "node_modules/matchit": {
      "version": "1.1.0",
      "resolved": "https://registry.npmjs.org/matchit/-/matchit-1.1.0.tgz",
      "integrity": "sha512-+nGYoOlfHmxe5BW5tE0EMJppXEwdSf8uBA1GTZC7Q77kbT35+VKLYJMzVNWCHSsga1ps1tPYFtFyvxvKzWVmMA==",
      "dependencies": {
        "@arr/every": "^1.0.0"
      },
      "engines": {
        "node": ">=6"
      }
    },
    "node_modules/minimist": {
      "version": "1.2.5",
      "resolved": "https://registry.npmjs.org/minimist/-/minimist-1.2.5.tgz",
      "integrity": "sha512-FM9nNUYrRBAELZQT3xeZQ7fmMOBg6nWNmJKTcgsJeaLstP/UODVpGsr5OhXhhXg6f+qtJ8uiZ+PUxkDWcgIXLw=="
    },
    "node_modules/neo-async": {
      "version": "2.6.2",
      "resolved": "https://registry.npmjs.org/neo-async/-/neo-async-2.6.2.tgz",
      "integrity": "sha512-Yd3UES5mWCSqR+qNT93S3UoYUkqAZ9lLg8a7g9rimsWmYGK8cVToA4/sF3RrshdyV3sAGMXVUmpMYOw+dLpOuw=="
    },
    "node_modules/polka": {
      "version": "0.5.2",
      "resolved": "https://registry.npmjs.org/polka/-/polka-0.5.2.tgz",
      "integrity": "sha512-FVg3vDmCqP80tOrs+OeNlgXYmFppTXdjD5E7I4ET1NjvtNmQrb1/mJibybKkb/d4NA7YWAr1ojxuhpL3FHqdlw==",
      "dependencies": {
        "@polka/url": "^0.5.0",
        "trouter": "^2.0.1"
      }
    },
    "node_modules/source-map": {
      "version": "0.6.1",
      "resolved": "https://registry.npmjs.org/source-map/-/source-map-0.6.1.tgz",
      "integrity": "sha512-UjgapumWlbMhkBgzT7Ykc5YXUT46F0iKu8SGXq0bcwP5dz/h0Plj6enJqjz1Zbq2l5WaqYnrVbwWOWMyF3F47g==",
      "engines": {
        "node": ">=0.10.0"
      }
    },
    "node_modules/trouter": {
      "version": "2.0.1",
      "resolved": "https://registry.npmjs.org/trouter/-/trouter-2.0.1.tgz",
      "integrity": "sha512-kr8SKKw94OI+xTGOkfsvwZQ8mWoikZDd2n8XZHjJVZUARZT+4/VV6cacRS6CLsH9bNm+HFIPU1Zx4CnNnb4qlQ==",
      "dependencies": {
        "matchit": "^1.0.0"
      },
      "engines": {
        "node": ">=6"
      }
    },
    "node_modules/tsm": {
      "version": "2.2.1",
      "resolved": "https://registry.npmjs.org/tsm/-/tsm-2.2.1.tgz",
      "integrity": "sha512-qvJB0baPnxQJolZru11mRgGTdNlx17WqgJnle7eht3Vhb+VUR4/zFA5hFl6NqRe7m8BD9w/6yu0B2XciRrdoJA==",
      "dependencies": {
        "esbuild": "^0.14.0"
      },
      "bin": {
        "tsm": "bin.js"
      },
      "engines": {
        "node": ">=12"
      }
    },
    "node_modules/typescript": {
      "version": "4.5.2",
      "resolved": "https://registry.npmjs.org/typescript/-/typescript-4.5.2.tgz",
      "integrity": "sha512-5BlMof9H1yGt0P8/WF+wPNw6GfctgGjXp5hkblpyT+8rkASSmkUKMXrxR0Xg8ThVCi/JnHQiKXeBaEwCeQwMFw==",
      "dev": true,
      "bin": {
        "tsc": "bin/tsc",
        "tsserver": "bin/tsserver"
      },
      "engines": {
        "node": ">=4.2.0"
      }
    },
    "node_modules/uglify-js": {
      "version": "3.14.4",
      "resolved": "https://registry.npmjs.org/uglify-js/-/uglify-js-3.14.4.tgz",
      "integrity": "sha512-AbiSR44J0GoCeV81+oxcy/jDOElO2Bx3d0MfQCUShq7JRXaM4KtQopZsq2vFv8bCq2yMaGrw1FgygUd03RyRDA==",
      "optional": true,
      "bin": {
        "uglifyjs": "bin/uglifyjs"
      },
      "engines": {
        "node": ">=0.8.0"
      }
    },
    "node_modules/wordwrap": {
      "version": "1.0.0",
      "resolved": "https://registry.npmjs.org/wordwrap/-/wordwrap-1.0.0.tgz",
      "integrity": "sha1-J1hIEIkUVqQXHI0CJkQa3pDLyus="
    }
  },
  "dependencies": {
    "@arr/every": {
      "version": "1.0.1",
      "resolved": "https://registry.npmjs.org/@arr/every/-/every-1.0.1.tgz",
      "integrity": "sha512-UQFQ6SgyJ6LX42W8rHCs8KVc0JS0tzVL9ct4XYedJukskYVWTo49tNiMEK9C2HTyarbNiT/RVIRSY82vH+6sTg=="
    },
    "@polka/url": {
      "version": "0.5.0",
      "resolved": "https://registry.npmjs.org/@polka/url/-/url-0.5.0.tgz",
      "integrity": "sha512-oZLYFEAzUKyi3SKnXvj32ZCEGH6RDnao7COuCVhDydMS9NrCSVXhM79VaKyP5+Zc33m0QXEd2DN3UkU7OsHcfw=="
    },
    "@tsconfig/node16": {
      "version": "1.0.2",
      "resolved": "https://registry.npmjs.org/@tsconfig/node16/-/node16-1.0.2.tgz",
      "integrity": "sha512-eZxlbI8GZscaGS7kkc/trHTT5xgrjH3/1n2JDwusC9iahPKWMRvRjJSAN5mCXviuTGQ/lHnhvv8Q1YTpnfz9gA==",
      "dev": true
    },
    "@types/body-parser": {
      "version": "1.19.2",
      "resolved": "https://registry.npmjs.org/@types/body-parser/-/body-parser-1.19.2.tgz",
      "integrity": "sha512-ALYone6pm6QmwZoAgeyNksccT9Q4AWZQ6PvfwR37GT6r6FWUPguq6sUmNGSMV2Wr761oQoBxwGGa6DR5o1DC9g==",
      "dev": true,
      "requires": {
        "@types/connect": "*",
        "@types/node": "*"
      }
    },
    "@types/connect": {
      "version": "3.4.35",
      "resolved": "https://registry.npmjs.org/@types/connect/-/connect-3.4.35.tgz",
      "integrity": "sha512-cdeYyv4KWoEgpBISTxWvqYsVy444DOqehiF3fM3ne10AmJ62RSyNkUnxMJXHQWRQQX2eR94m5y1IZyDwBjV9FQ==",
      "dev": true,
      "requires": {
        "@types/node": "*"
      }
    },
    "@types/express": {
      "version": "4.17.13",
      "resolved": "https://registry.npmjs.org/@types/express/-/express-4.17.13.tgz",
      "integrity": "sha512-6bSZTPaTIACxn48l50SR+axgrqm6qXFIxrdAKaG6PaJk3+zuUr35hBlgT7vOmJcum+OEaIBLtHV/qloEAFITeA==",
      "dev": true,
      "requires": {
        "@types/body-parser": "*",
        "@types/express-serve-static-core": "^4.17.18",
        "@types/qs": "*",
        "@types/serve-static": "*"
      }
    },
    "@types/express-serve-static-core": {
      "version": "4.17.26",
      "resolved": "https://registry.npmjs.org/@types/express-serve-static-core/-/express-serve-static-core-4.17.26.tgz",
      "integrity": "sha512-zeu3tpouA043RHxW0gzRxwCHchMgftE8GArRsvYT0ByDMbn19olQHx5jLue0LxWY6iYtXb7rXmuVtSkhy9YZvQ==",
      "dev": true,
      "requires": {
        "@types/node": "*",
        "@types/qs": "*",
        "@types/range-parser": "*"
      }
    },
    "@types/mime": {
      "version": "1.3.2",
      "resolved": "https://registry.npmjs.org/@types/mime/-/mime-1.3.2.tgz",
      "integrity": "sha512-YATxVxgRqNH6nHEIsvg6k2Boc1JHI9ZbH5iWFFv/MTkchz3b1ieGDa5T0a9RznNdI0KhVbdbWSN+KWWrQZRxTw==",
      "dev": true
    },
    "@types/node": {
      "version": "16.11.11",
      "resolved": "https://registry.npmjs.org/@types/node/-/node-16.11.11.tgz",
      "integrity": "sha512-KB0sixD67CeecHC33MYn+eYARkqTheIRNuu97y2XMjR7Wu3XibO1vaY6VBV6O/a89SPI81cEUIYT87UqUWlZNw==",
      "dev": true
    },
    "@types/polka": {
      "version": "0.5.3",
      "resolved": "https://registry.npmjs.org/@types/polka/-/polka-0.5.3.tgz",
      "integrity": "sha512-Myj8ztBAH63xXhff5OMGiHIj37O4RG7GTDmFL/Amb05BAdG8IYFC90vp9IpdN7hjpZ5tkepsSvQkPvWwB8IRwQ==",
      "dev": true,
      "requires": {
        "@types/express": "*",
        "@types/express-serve-static-core": "*",
        "@types/node": "*",
        "@types/trouter": "*"
      }
    },
    "@types/qs": {
      "version": "6.9.7",
      "resolved": "https://registry.npmjs.org/@types/qs/-/qs-6.9.7.tgz",
      "integrity": "sha512-FGa1F62FT09qcrueBA6qYTrJPVDzah9a+493+o2PCXsesWHIn27G98TsSMs3WPNbZIEj4+VJf6saSFpvD+3Zsw==",
      "dev": true
    },
    "@types/range-parser": {
      "version": "1.2.4",
      "resolved": "https://registry.npmjs.org/@types/range-parser/-/range-parser-1.2.4.tgz",
      "integrity": "sha512-EEhsLsD6UsDM1yFhAvy0Cjr6VwmpMWqFBCb9w07wVugF7w9nfajxLuVmngTIpgS6svCnm6Vaw+MZhoDCKnOfsw==",
      "dev": true
    },
    "@types/serve-static": {
      "version": "1.13.10",
      "resolved": "https://registry.npmjs.org/@types/serve-static/-/serve-static-1.13.10.tgz",
      "integrity": "sha512-nCkHGI4w7ZgAdNkrEu0bv+4xNV/XDqW+DydknebMOQwkpDGx8G+HTlj7R7ABI8i8nKxVw0wtKPi1D+lPOkh4YQ==",
      "dev": true,
      "requires": {
        "@types/mime": "^1",
        "@types/node": "*"
      }
    },
    "@types/trouter": {
      "version": "3.1.0",
      "resolved": "https://registry.npmjs.org/@types/trouter/-/trouter-3.1.0.tgz",
      "integrity": "sha512-4LPNrqSJknLzILMVXn2P/mh0djNgFvom4T9Y1hmhaB8OBm1cY71bMMSrGRu1q5qF4JZzY6iaGT11BHmCMY/NZg==",
      "dev": true
    },
    "esbuild": {
      "version": "0.14.2",
      "resolved": "https://registry.npmjs.org/esbuild/-/esbuild-0.14.2.tgz",
      "integrity": "sha512-l076A6o/PIgcyM24s0dWmDI/b8RQf41uWoJu9I0M71CtW/YSw5T5NUeXxs5lo2tFQD+O4CW4nBHJXx3OY5NpXg==",
      "requires": {
        "esbuild-android-arm64": "0.14.2",
        "esbuild-darwin-64": "0.14.2",
        "esbuild-darwin-arm64": "0.14.2",
        "esbuild-freebsd-64": "0.14.2",
        "esbuild-freebsd-arm64": "0.14.2",
        "esbuild-linux-32": "0.14.2",
        "esbuild-linux-64": "0.14.2",
        "esbuild-linux-arm": "0.14.2",
        "esbuild-linux-arm64": "0.14.2",
        "esbuild-linux-mips64le": "0.14.2",
        "esbuild-linux-ppc64le": "0.14.2",
        "esbuild-netbsd-64": "0.14.2",
        "esbuild-openbsd-64": "0.14.2",
        "esbuild-sunos-64": "0.14.2",
        "esbuild-windows-32": "0.14.2",
        "esbuild-windows-64": "0.14.2",
        "esbuild-windows-arm64": "0.14.2"
      }
    },
    "esbuild-android-arm64": {
      "version": "0.14.2",
      "resolved": "https://registry.npmjs.org/esbuild-android-arm64/-/esbuild-android-arm64-0.14.2.tgz",
      "integrity": "sha512-hEixaKMN3XXCkoe+0WcexO4CcBVU5DCSUT+7P8JZiWZCbAjSkc9b6Yz2X5DSfQmRCtI/cQRU6TfMYrMQ5NBfdw==",
      "optional": true
    },
    "esbuild-darwin-64": {
      "version": "0.14.2",
      "resolved": "https://registry.npmjs.org/esbuild-darwin-64/-/esbuild-darwin-64-0.14.2.tgz",
      "integrity": "sha512-Uq8t0cbJQkxkQdbUfOl2wZqZ/AtLZjvJulR1HHnc96UgyzG9YlCLSDMiqjM+NANEy7/zzvwKJsy3iNC9wwqLJA==",
      "optional": true
    },
    "esbuild-darwin-arm64": {
      "version": "0.14.2",
      "resolved": "https://registry.npmjs.org/esbuild-darwin-arm64/-/esbuild-darwin-arm64-0.14.2.tgz",
      "integrity": "sha512-619MSa17sr7YCIrUj88KzQu2ESA4jKYtIYfLU/smX6qNgxQt3Y/gzM4s6sgJ4fPQzirvmXgcHv1ZNQAs/Xh48A==",
      "optional": true
    },
    "esbuild-freebsd-64": {
      "version": "0.14.2",
      "resolved": "https://registry.npmjs.org/esbuild-freebsd-64/-/esbuild-freebsd-64-0.14.2.tgz",
      "integrity": "sha512-aP6FE/ZsChZpUV6F3HE3x1Pz0paoYXycJ7oLt06g0G9dhJKknPawXCqQg/WMyD+ldCEZfo7F1kavenPdIT/SGQ==",
      "optional": true
    },
    "esbuild-freebsd-arm64": {
      "version": "0.14.2",
      "resolved": "https://registry.npmjs.org/esbuild-freebsd-arm64/-/esbuild-freebsd-arm64-0.14.2.tgz",
      "integrity": "sha512-LSm98WTb1QIhyS83+Po0KTpZNdd2XpVpI9ua5rLWqKWbKeNRFwOsjeiuwBaRNc+O32s9oC2ZMefETxHBV6VNkQ==",
      "optional": true
    },
    "esbuild-linux-32": {
      "version": "0.14.2",
      "resolved": "https://registry.npmjs.org/esbuild-linux-32/-/esbuild-linux-32-0.14.2.tgz",
      "integrity": "sha512-8VxnNEyeUbiGflTKcuVc5JEPTqXfsx2O6ABwUbfS1Hp26lYPRPC7pKQK5Dxa0MBejGc50jy7YZae3EGQUQ8EkQ==",
      "optional": true
    },
    "esbuild-linux-64": {
      "version": "0.14.2",
      "resolved": "https://registry.npmjs.org/esbuild-linux-64/-/esbuild-linux-64-0.14.2.tgz",
      "integrity": "sha512-4bzMS2dNxOJoFIiHId4w+tqQzdnsch71JJV1qZnbnErSFWcR9lRgpSqWnTTFtv6XM+MvltRzSXC5wQ7AEBY6Hg==",
      "optional": true
    },
    "esbuild-linux-arm": {
      "version": "0.14.2",
      "resolved": "https://registry.npmjs.org/esbuild-linux-arm/-/esbuild-linux-arm-0.14.2.tgz",
      "integrity": "sha512-PaylahvMHhH8YMfJPMKEqi64qA0Su+d4FNfHKvlKes/2dUe4QxgbwXT9oLVgy8iJdcFMrO7By4R8fS8S0p8aVQ==",
      "optional": true
    },
    "esbuild-linux-arm64": {
      "version": "0.14.2",
      "resolved": "https://registry.npmjs.org/esbuild-linux-arm64/-/esbuild-linux-arm64-0.14.2.tgz",
      "integrity": "sha512-RlIVp0RwJrdtasDF1vTFueLYZ8WuFzxoQ1OoRFZOTyJHCGCNgh7xJIC34gd7B7+RT0CzLBB4LcM5n0LS+hIoww==",
      "optional": true
    },
    "esbuild-linux-mips64le": {
      "version": "0.14.2",
      "resolved": "https://registry.npmjs.org/esbuild-linux-mips64le/-/esbuild-linux-mips64le-0.14.2.tgz",
      "integrity": "sha512-Fdwrq2roFnO5oetIiUQQueZ3+5soCxBSJswg3MvYaXDomj47BN6oAWMZgLrFh1oVrtWrxSDLCJBenYdbm2s+qQ==",
      "optional": true
    },
    "esbuild-linux-ppc64le": {
      "version": "0.14.2",
      "resolved": "https://registry.npmjs.org/esbuild-linux-ppc64le/-/esbuild-linux-ppc64le-0.14.2.tgz",
      "integrity": "sha512-vxptskw8JfCDD9QqpRO0XnsM1osuWeRjPaXX1TwdveLogYsbdFtcuiuK/4FxGiNMUr1ojtnCS2rMPbY8puc5NA==",
      "optional": true
    },
    "esbuild-netbsd-64": {
      "version": "0.14.2",
      "resolved": "https://registry.npmjs.org/esbuild-netbsd-64/-/esbuild-netbsd-64-0.14.2.tgz",
      "integrity": "sha512-I8+LzYK5iSNpspS9eCV9sW67Rj8FgMHimGri4mKiGAmN0pNfx+hFX146rYtzGtewuxKtTsPywWteHx+hPRLDsw==",
      "optional": true
    },
    "esbuild-openbsd-64": {
      "version": "0.14.2",
      "resolved": "https://registry.npmjs.org/esbuild-openbsd-64/-/esbuild-openbsd-64-0.14.2.tgz",
      "integrity": "sha512-120HgMe9elidWUvM2E6mMf0csrGwx8sYDqUIJugyMy1oHm+/nT08bTAVXuwYG/rkMIqsEO9AlMxuYnwR6En/3Q==",
      "optional": true
    },
    "esbuild-sunos-64": {
      "version": "0.14.2",
      "resolved": "https://registry.npmjs.org/esbuild-sunos-64/-/esbuild-sunos-64-0.14.2.tgz",
      "integrity": "sha512-Q3xcf9Uyfra9UuCFxoLixVvdigo0daZaKJ97TL2KNA4bxRUPK18wwGUk3AxvgDQZpRmg82w9PnkaNYo7a+24ow==",
      "optional": true
    },
    "esbuild-windows-32": {
      "version": "0.14.2",
      "resolved": "https://registry.npmjs.org/esbuild-windows-32/-/esbuild-windows-32-0.14.2.tgz",
      "integrity": "sha512-TW7O49tPsrq+N1sW8mb3m24j/iDGa4xzAZH4wHWwoIzgtZAYPKC0hpIhufRRG/LA30bdMChO9pjJZ5mtcybtBQ==",
      "optional": true
    },
    "esbuild-windows-64": {
      "version": "0.14.2",
      "resolved": "https://registry.npmjs.org/esbuild-windows-64/-/esbuild-windows-64-0.14.2.tgz",
      "integrity": "sha512-Rym6ViMNmi1E2QuQMWy0AFAfdY0wGwZD73BnzlsQBX5hZBuy/L+Speh7ucUZ16gwsrMM9v86icZUDrSN/lNBKg==",
      "optional": true
    },
    "esbuild-windows-arm64": {
      "version": "0.14.2",
      "resolved": "https://registry.npmjs.org/esbuild-windows-arm64/-/esbuild-windows-arm64-0.14.2.tgz",
      "integrity": "sha512-ZrLbhr0vX5Em/P1faMnHucjVVWPS+m3tktAtz93WkMZLmbRJevhiW1y4CbulBd2z0MEdXZ6emDa1zFHq5O5bSA==",
      "optional": true
    },
    "handlebars": {
      "version": "4.7.7",
      "resolved": "https://registry.npmjs.org/handlebars/-/handlebars-4.7.7.tgz",
      "integrity": "sha512-aAcXm5OAfE/8IXkcZvCepKU3VzW1/39Fb5ZuqMtgI/hT8X2YgoMvBY5dLhq/cpOvw7Lk1nK/UF71aLG/ZnVYRA==",
      "requires": {
        "minimist": "^1.2.5",
        "neo-async": "^2.6.0",
        "source-map": "^0.6.1",
        "uglify-js": "^3.1.4",
        "wordwrap": "^1.0.0"
      }
    },
    "matchit": {
      "version": "1.1.0",
      "resolved": "https://registry.npmjs.org/matchit/-/matchit-1.1.0.tgz",
      "integrity": "sha512-+nGYoOlfHmxe5BW5tE0EMJppXEwdSf8uBA1GTZC7Q77kbT35+VKLYJMzVNWCHSsga1ps1tPYFtFyvxvKzWVmMA==",
      "requires": {
        "@arr/every": "^1.0.0"
      }
    },
    "minimist": {
      "version": "1.2.5",
      "resolved": "https://registry.npmjs.org/minimist/-/minimist-1.2.5.tgz",
      "integrity": "sha512-FM9nNUYrRBAELZQT3xeZQ7fmMOBg6nWNmJKTcgsJeaLstP/UODVpGsr5OhXhhXg6f+qtJ8uiZ+PUxkDWcgIXLw=="
    },
    "neo-async": {
      "version": "2.6.2",
      "resolved": "https://registry.npmjs.org/neo-async/-/neo-async-2.6.2.tgz",
      "integrity": "sha512-Yd3UES5mWCSqR+qNT93S3UoYUkqAZ9lLg8a7g9rimsWmYGK8cVToA4/sF3RrshdyV3sAGMXVUmpMYOw+dLpOuw=="
    },
    "polka": {
      "version": "0.5.2",
      "resolved": "https://registry.npmjs.org/polka/-/polka-0.5.2.tgz",
      "integrity": "sha512-FVg3vDmCqP80tOrs+OeNlgXYmFppTXdjD5E7I4ET1NjvtNmQrb1/mJibybKkb/d4NA7YWAr1ojxuhpL3FHqdlw==",
      "requires": {
        "@polka/url": "^0.5.0",
        "trouter": "^2.0.1"
      }
    },
    "source-map": {
      "version": "0.6.1",
      "resolved": "https://registry.npmjs.org/source-map/-/source-map-0.6.1.tgz",
      "integrity": "sha512-UjgapumWlbMhkBgzT7Ykc5YXUT46F0iKu8SGXq0bcwP5dz/h0Plj6enJqjz1Zbq2l5WaqYnrVbwWOWMyF3F47g=="
    },
    "trouter": {
      "version": "2.0.1",
      "resolved": "https://registry.npmjs.org/trouter/-/trouter-2.0.1.tgz",
      "integrity": "sha512-kr8SKKw94OI+xTGOkfsvwZQ8mWoikZDd2n8XZHjJVZUARZT+4/VV6cacRS6CLsH9bNm+HFIPU1Zx4CnNnb4qlQ==",
      "requires": {
        "matchit": "^1.0.0"
      }
    },
    "tsm": {
      "version": "2.2.1",
      "resolved": "https://registry.npmjs.org/tsm/-/tsm-2.2.1.tgz",
      "integrity": "sha512-qvJB0baPnxQJolZru11mRgGTdNlx17WqgJnle7eht3Vhb+VUR4/zFA5hFl6NqRe7m8BD9w/6yu0B2XciRrdoJA==",
      "requires": {
        "esbuild": "^0.14.0"
      }
    },
    "typescript": {
      "version": "4.5.2",
      "resolved": "https://registry.npmjs.org/typescript/-/typescript-4.5.2.tgz",
      "integrity": "sha512-5BlMof9H1yGt0P8/WF+wPNw6GfctgGjXp5hkblpyT+8rkASSmkUKMXrxR0Xg8ThVCi/JnHQiKXeBaEwCeQwMFw==",
      "dev": true
    },
    "uglify-js": {
      "version": "3.14.4",
      "resolved": "https://registry.npmjs.org/uglify-js/-/uglify-js-3.14.4.tgz",
      "integrity": "sha512-AbiSR44J0GoCeV81+oxcy/jDOElO2Bx3d0MfQCUShq7JRXaM4KtQopZsq2vFv8bCq2yMaGrw1FgygUd03RyRDA==",
      "optional": true
    },
    "wordwrap": {
      "version": "1.0.0",
      "resolved": "https://registry.npmjs.org/wordwrap/-/wordwrap-1.0.0.tgz",
      "integrity": "sha1-J1hIEIkUVqQXHI0CJkQa3pDLyus="
    }
  }
}
